
Microsoft Visual Studio Solution File, Format Version 12.00
# Visual Studio Version 17
VisualStudioVersion = 17.6.33829.357
MinimumVisualStudioVersion = 10.0.40219.1
Project("{2150E333-8FDC-42A3-9474-1A3956D46DE8}") = "Core", "Core", "{6B8CEC01-8D14-40DF-91D1-CD4B66E4FE1C}"
EndProject
Project("{2150E333-8FDC-42A3-9474-1A3956D46DE8}") = "Infrastructure", "Infrastructure", "{3A805726-B095-469A-84CF-B05C9AC0E5E7}"
EndProject
Project("{2150E333-8FDC-42A3-9474-1A3956D46DE8}") = "Presentation", "Presentation", "{EC712A4F-9D36-46CC-B1FE-0C2EFBFDE1A2}"
EndProject
Project("{FAE04EC0-301F-11D3-BF4B-00C04F79EFBC}") = "HireWise.Application", "Core\HireWise.Application\HireWise.Application.csproj", "{9F0E6929-5CE5-4F7C-A109-82D7279007CD}"
EndProject
Project("{FAE04EC0-301F-11D3-BF4B-00C04F79EFBC}") = "HireWise.Domain", "Core\HireWise.Domain\HireWise.Domain.csproj", "{BC4C55EC-0763-42DF-AF93-98D13679E821}"
EndProject
Project("{FAE04EC0-301F-11D3-BF4B-00C04F79EFBC}") = "HireWise.Infrastructure", "Infrastructure\HireWise.Infrastructure\HireWise.Infrastructure.csproj", "{38844CA5-695B-4F84-839D-5CA4CCB32C80}"
EndProject
Project("{FAE04EC0-301F-11D3-BF4B-00C04F79EFBC}") = "HireWise.Persistence", "Infrastructure\HireWise.Persistence\HireWise.Persistence.csproj", "{E912D2CF-D4CF-49C5-8EFB-E1E419BB180F}"
EndProject
Project("{FAE04EC0-301F-11D3-BF4B-00C04F79EFBC}") = "HireWise.API", "Presentation\HireWise.API\HireWise.API.csproj", "{76E103AC-4948-48DD-BEB0-077CD9598AEF}"
EndProject
Global
	GlobalSection(SolutionConfigurationPlatforms) = preSolution
		Debug|Any CPU = Debug|Any CPU
		Release|Any CPU = Release|Any CPU
	EndGlobalSection
	GlobalSection(ProjectConfigurationPlatforms) = postSolution
		{9F0E6929-5CE5-4F7C-A109-82D7279007CD}.Debug|Any CPU.ActiveCfg = Debug|Any CPU
		{9F0E6929-5CE5-4F7C-A109-82D7279007CD}.Debug|Any CPU.Build.0 = Debug|Any CPU
		{9F0E6929-5CE5-4F7C-A109-82D7279007CD}.Release|Any CPU.ActiveCfg = Release|Any CPU
		{9F0E6929-5CE5-4F7C-A109-82D7279007CD}.Release|Any CPU.Build.0 = Release|Any CPU
		{BC4C55EC-0763-42DF-AF93-98D13679E821}.Debug|Any CPU.ActiveCfg = Debug|Any CPU
		{BC4C55EC-0763-42DF-AF93-98D13679E821}.Debug|Any CPU.Build.0 = Debug|Any CPU
		{BC4C55EC-0763-42DF-AF93-98D13679E821}.Release|Any CPU.ActiveCfg = Release|Any CPU
		{BC4C55EC-0763-42DF-AF93-98D13679E821}.Release|Any CPU.Build.0 = Release|Any CPU
		{38844CA5-695B-4F84-839D-5CA4CCB32C80}.Debug|Any CPU.ActiveCfg = Debug|Any CPU
		{38844CA5-695B-4F84-839D-5CA4CCB32C80}.Debug|Any CPU.Build.0 = Debug|Any CPU
		{38844CA5-695B-4F84-839D-5CA4CCB32C80}.Release|Any CPU.ActiveCfg = Release|Any CPU
		{38844CA5-695B-4F84-839D-5CA4CCB32C80}.Release|Any CPU.Build.0 = Release|Any CPU
		{E912D2CF-D4CF-49C5-8EFB-E1E419BB180F}.Debug|Any CPU.ActiveCfg = Debug|Any CPU
		{E912D2CF-D4CF-49C5-8EFB-E1E419BB180F}.Debug|Any CPU.Build.0 = Debug|Any CPU
		{E912D2CF-D4CF-49C5-8EFB-E1E419BB180F}.Release|Any CPU.ActiveCfg = Release|Any CPU
		{E912D2CF-D4CF-49C5-8EFB-E1E419BB180F}.Release|Any CPU.Build.0 = Release|Any CPU
		{76E103AC-4948-48DD-BEB0-077CD9598AEF}.Debug|Any CPU.ActiveCfg = Debug|Any CPU
		{76E103AC-4948-48DD-BEB0-077CD9598AEF}.Debug|Any CPU.Build.0 = Debug|Any CPU
		{76E103AC-4948-48DD-BEB0-077CD9598AEF}.Release|Any CPU.ActiveCfg = Release|Any CPU
		{76E103AC-4948-48DD-BEB0-077CD9598AEF}.Release|Any CPU.Build.0 = Release|Any CPU
	EndGlobalSection
	GlobalSection(SolutionProperties) = preSolution
		HideSolutionNode = FALSE
	EndGlobalSection
	GlobalSection(NestedProjects) = preSolution
		{9F0E6929-5CE5-4F7C-A109-82D7279007CD} = {6B8CEC01-8D14-40DF-91D1-CD4B66E4FE1C}
		{BC4C55EC-0763-42DF-AF93-98D13679E821} = {6B8CEC01-8D14-40DF-91D1-CD4B66E4FE1C}
		{38844CA5-695B-4F84-839D-5CA4CCB32C80} = {3A805726-B095-469A-84CF-B05C9AC0E5E7}
		{E912D2CF-D4CF-49C5-8EFB-E1E419BB180F} = {3A805726-B095-469A-84CF-B05C9AC0E5E7}
		{76E103AC-4948-48DD-BEB0-077CD9598AEF} = {EC712A4F-9D36-46CC-B1FE-0C2EFBFDE1A2}
	EndGlobalSection
	GlobalSection(ExtensibilityGlobals) = postSolution
		SolutionGuid = {B3491683-731B-4CE7-8260-A08A13E7E409}
	EndGlobalSection
EndGlobal
